
Microsoft Visual Studio Solution File, Format Version 12.00
# Visual Studio 15
VisualStudioVersion = 15.0.27703.2018
MinimumVisualStudioVersion = 10.0.40219.1
Project("{9A19103F-16F7-4668-BE54-9A1E7A4F7556}") = "SupportWheelOfFate", "SupportWheelOfFate\SupportWheelOfFate.csproj", "{C8CEDCC0-9F1A-46CE-A625-BBB8B73D869E}"
EndProject
Project("{9A19103F-16F7-4668-BE54-9A1E7A4F7556}") = "Business", "Business\Business.csproj", "{1384F800-E45B-4C3F-A70C-CFE82B772930}"
EndProject
Project("{9A19103F-16F7-4668-BE54-9A1E7A4F7556}") = "Domain", "Domain\Domain.csproj", "{84764690-3508-4524-853C-987AE9B09396}"
EndProject
Project("{9A19103F-16F7-4668-BE54-9A1E7A4F7556}") = "BusinessTest", "BusinessTest\BusinessTest.csproj", "{BE6EF9FB-4525-48B0-9114-D658885B644E}"
EndProject
Global
	GlobalSection(SolutionConfigurationPlatforms) = preSolution
		Debug|Any CPU = Debug|Any CPU
		Release|Any CPU = Release|Any CPU
	EndGlobalSection
	GlobalSection(ProjectConfigurationPlatforms) = postSolution
		{C8CEDCC0-9F1A-46CE-A625-BBB8B73D869E}.Debug|Any CPU.ActiveCfg = Debug|Any CPU
		{C8CEDCC0-9F1A-46CE-A625-BBB8B73D869E}.Debug|Any CPU.Build.0 = Debug|Any CPU
		{C8CEDCC0-9F1A-46CE-A625-BBB8B73D869E}.Release|Any CPU.ActiveCfg = Release|Any CPU
		{C8CEDCC0-9F1A-46CE-A625-BBB8B73D869E}.Release|Any CPU.Build.0 = Release|Any CPU
		{1384F800-E45B-4C3F-A70C-CFE82B772930}.Debug|Any CPU.ActiveCfg = Debug|Any CPU
		{1384F800-E45B-4C3F-A70C-CFE82B772930}.Debug|Any CPU.Build.0 = Debug|Any CPU
		{1384F800-E45B-4C3F-A70C-CFE82B772930}.Release|Any CPU.ActiveCfg = Release|Any CPU
		{1384F800-E45B-4C3F-A70C-CFE82B772930}.Release|Any CPU.Build.0 = Release|Any CPU
		{84764690-3508-4524-853C-987AE9B09396}.Debug|Any CPU.ActiveCfg = Debug|Any CPU
		{84764690-3508-4524-853C-987AE9B09396}.Debug|Any CPU.Build.0 = Debug|Any CPU
		{84764690-3508-4524-853C-987AE9B09396}.Release|Any CPU.ActiveCfg = Release|Any CPU
		{84764690-3508-4524-853C-987AE9B09396}.Release|Any CPU.Build.0 = Release|Any CPU
		{BE6EF9FB-4525-48B0-9114-D658885B644E}.Debug|Any CPU.ActiveCfg = Debug|Any CPU
		{BE6EF9FB-4525-48B0-9114-D658885B644E}.Debug|Any CPU.Build.0 = Debug|Any CPU
		{BE6EF9FB-4525-48B0-9114-D658885B644E}.Release|Any CPU.ActiveCfg = Release|Any CPU
		{BE6EF9FB-4525-48B0-9114-D658885B644E}.Release|Any CPU.Build.0 = Release|Any CPU
	EndGlobalSection
	GlobalSection(SolutionProperties) = preSolution
		HideSolutionNode = FALSE
	EndGlobalSection
	GlobalSection(ExtensibilityGlobals) = postSolution
		SolutionGuid = {079008E1-D84D-404E-AFF6-29AE2DB56D61}
	EndGlobalSection
EndGlobal
